Microsoft Visual Studio Solution File, Format Version 11.00
# Visual Studio 2008

Project("{687943E8-9490-2599-2A28-0F16578D7993}") = "InfiniteRacer", "Assembly-CSharp-firstpass.csproj", "{D8C43AD0-E9E4-FD3A-019E-9D6FA7BC5214}"
EndProject
Project("{687943E8-9490-2599-2A28-0F16578D7993}") = "InfiniteRacer", "Assembly-CSharp.csproj", "{710E79A8-9FF6-3A91-83A9-B9C4BA1148ED}"
EndProject
Project("{687943E8-9490-2599-2A28-0F16578D7993}") = "InfiniteRacer", "Assembly-CSharp-Editor.csproj", "{30018DD7-B995-C2F6-D279-A0CE4468F197}"
EndProject
Project("{687943E8-9490-2599-2A28-0F16578D7993}") = "InfiniteRacer", "Assembly-UnityScript-firstpass.unityproj", "{BE8922B9-F675-5F93-B021-B75A3FA935C6}"
EndProject
Global
	GlobalSection(SolutionConfigurationPlatforms) = preSolution
		Debug|Any CPU = Debug|Any CPU
		Release|Any CPU = Release|Any CPU
	EndGlobalSection
	GlobalSection(ProjectConfigurationPlatforms) = postSolution
		{D8C43AD0-E9E4-FD3A-019E-9D6FA7BC5214}.Debug|Any CPU.ActiveCfg = Debug|Any CPU
		{D8C43AD0-E9E4-FD3A-019E-9D6FA7BC5214}.Debug|Any CPU.Build.0 = Debug|Any CPU
		{D8C43AD0-E9E4-FD3A-019E-9D6FA7BC5214}.Release|Any CPU.ActiveCfg = Release|Any CPU
		{D8C43AD0-E9E4-FD3A-019E-9D6FA7BC5214}.Release|Any CPU.Build.0 = Release|Any CPU
		{710E79A8-9FF6-3A91-83A9-B9C4BA1148ED}.Debug|Any CPU.ActiveCfg = Debug|Any CPU
		{710E79A8-9FF6-3A91-83A9-B9C4BA1148ED}.Debug|Any CPU.Build.0 = Debug|Any CPU
		{710E79A8-9FF6-3A91-83A9-B9C4BA1148ED}.Release|Any CPU.ActiveCfg = Release|Any CPU
		{710E79A8-9FF6-3A91-83A9-B9C4BA1148ED}.Release|Any CPU.Build.0 = Release|Any CPU
		{30018DD7-B995-C2F6-D279-A0CE4468F197}.Debug|Any CPU.ActiveCfg = Debug|Any CPU
		{30018DD7-B995-C2F6-D279-A0CE4468F197}.Debug|Any CPU.Build.0 = Debug|Any CPU
		{30018DD7-B995-C2F6-D279-A0CE4468F197}.Release|Any CPU.ActiveCfg = Release|Any CPU
		{30018DD7-B995-C2F6-D279-A0CE4468F197}.Release|Any CPU.Build.0 = Release|Any CPU
		{BE8922B9-F675-5F93-B021-B75A3FA935C6}.Debug|Any CPU.ActiveCfg = Debug|Any CPU
		{BE8922B9-F675-5F93-B021-B75A3FA935C6}.Debug|Any CPU.Build.0 = Debug|Any CPU
		{BE8922B9-F675-5F93-B021-B75A3FA935C6}.Release|Any CPU.ActiveCfg = Release|Any CPU
		{BE8922B9-F675-5F93-B021-B75A3FA935C6}.Release|Any CPU.Build.0 = Release|Any CPU
	EndGlobalSection
	GlobalSection(SolutionProperties) = preSolution
		HideSolutionNode = FALSE
	EndGlobalSection
																	GlobalSection(MonoDevelopProperties) = preSolution
		StartupItem = Assembly-CSharp.csproj
		Policies = $0
		$0.TextStylePolicy = $1
		$1.inheritsSet = null
		$1.scope = text/x-csharp
		$0.CSharpFormattingPolicy = $2
		$2.inheritsSet = Mono
		$2.inheritsScope = text/x-csharp
		$2.scope = text/x-csharp
		$0.TextStylePolicy = $3
		$3.FileWidth = 120
		$3.TabWidth = 4
		$3.EolMarker = Unix
		$3.inheritsSet = Mono
		$3.inheritsScope = text/plain
		$3.scope = text/plain
	EndGlobalSection

EndGlobal
